// !$*UTF8*$!
{
	archiveVersion = 1;
	classes = {
	};
	objectVersion = 46;
	objects = {

/* Begin PBXBuildFile section */
		65B799C515E81049006C72AB /* UIKit.framework in Frameworks */ = {isa = PBXBuildFile; fileRef = 65B799C415E81049006C72AB /* UIKit.framework */; };
		65B799C715E81049006C72AB /* Foundation.framework in Frameworks */ = {isa = PBXBuildFile; fileRef = 65B799C615E81049006C72AB /* Foundation.framework */; };
		65B799C915E81049006C72AB /* CoreGraphics.framework in Frameworks */ = {isa = PBXBuildFile; fileRef = 65B799C815E81049006C72AB /* CoreGraphics.framework */; };
		65B799CF15E81049006C72AB /* InfoPlist.strings in Resources */ = {isa = PBXBuildFile; fileRef = 65B799CD15E81049006C72AB /* InfoPlist.strings */; };
		65B799D115E81049006C72AB /* main.m in Sources */ = {isa = PBXBuildFile; fileRef = 65B799D015E81049006C72AB /* main.m */; };
		65B799D815E81049006C72AB /* MainStoryboard.storyboard in Resources */ = {isa = PBXBuildFile; fileRef = 65B799D615E81049006C72AB /* MainStoryboard.storyboard */; };
		65B79A4215E821A4006C72AB /* EMAppDelegate.m in Sources */ = {isa = PBXBuildFile; fileRef = 65B79A0F15E811EB006C72AB /* EMAppDelegate.m */; };
		65B79A4715E82310006C72AB /* EMNewsDetailViewController.m in Sources */ = {isa = PBXBuildFile; fileRef = 65B79A1215E811EB006C72AB /* EMNewsDetailViewController.m */; };
		65B79A4815E82310006C72AB /* EMNewsViewController.m in Sources */ = {isa = PBXBuildFile; fileRef = 65B79A1415E811EB006C72AB /* EMNewsViewController.m */; };
/* End PBXBuildFile section */

/* Begin PBXFileReference section */
		65B799C015E81049006C72AB /* EmeraldNews.app */ = {isa = PBXFileReference; explicitFileType = wrapper.application; includeInIndex = 0; path = EmeraldNews.app; sourceTree = BUILT_PRODUCTS_DIR; };
		65B799C415E81049006C72AB /* UIKit.framework */ = {isa = PBXFileReference; lastKnownFileType = wrapper.framework; name = UIKit.framework; path = System/Library/Frameworks/UIKit.framework; sourceTree = SDKROOT; };
		65B799C615E81049006C72AB /* Foundation.framework */ = {isa = PBXFileReference; lastKnownFileType = wrapper.framework; name = Foundation.framework; path = System/Library/Frameworks/Foundation.framework; sourceTree = SDKROOT; };
		65B799C815E81049006C72AB /* CoreGraphics.framework */ = {isa = PBXFileReference; lastKnownFileType = wrapper.framework; name = CoreGraphics.framework; path = System/Library/Frameworks/CoreGraphics.framework; sourceTree = SDKROOT; };
		65B799CC15E81049006C72AB /* EmeraldNews-Info.plist */ = {isa = PBXFileReference; lastKnownFileType = text.plist.xml; path = "EmeraldNews-Info.plist"; sourceTree = "<group>"; };
		65B799CE15E81049006C72AB /* en */ = {isa = PBXFileReference; lastKnownFileType = text.plist.strings; name = en; path = en.lproj/InfoPlist.strings; sourceTree = "<group>"; };
		65B799D015E81049006C72AB /* main.m */ = {isa = PBXFileReference; lastKnownFileType = sourcecode.c.objc; path = main.m; sourceTree = "<group>"; };
		65B799D215E81049006C72AB /* EmeraldNews-Prefix.pch */ = {isa = PBXFileReference; lastKnownFileType = sourcecode.c.h; path = "EmeraldNews-Prefix.pch"; sourceTree = "<group>"; };
		65B799D715E81049006C72AB /* en */ = {isa = PBXFileReference; lastKnownFileType = file.storyboard; name = en; path = en.lproj/MainStoryboard.storyboard; sourceTree = "<group>"; };
		65B79A0E15E811EB006C72AB /* EMAppDelegate.h */ = {isa = PBXFileReference; lastKnownFileType = sourcecode.c.h; path = EMAppDelegate.h; sourceTree = "<group>"; };
		65B79A0F15E811EB006C72AB /* EMAppDelegate.m */ = {isa = PBXFileReference; lastKnownFileType = sourcecode.c.objc; path = EMAppDelegate.m; sourceTree = "<group>"; };
		65B79A1015E811EB006C72AB /* EmeraldNews-Prefix.pch */ = {isa = PBXFileReference; lastKnownFileType = sourcecode.c.h; path = "EmeraldNews-Prefix.pch"; sourceTree = "<group>"; };
		65B79A1115E811EB006C72AB /* EMNewsDetailViewController.h */ = {isa = PBXFileReference; lastKnownFileType = sourcecode.c.h; path = EMNewsDetailViewController.h; sourceTree = "<group>"; };
		65B79A1215E811EB006C72AB /* EMNewsDetailViewController.m */ = {isa = PBXFileReference; lastKnownFileType = sourcecode.c.objc; path = EMNewsDetailViewController.m; sourceTree = "<group>"; };
		65B79A1315E811EB006C72AB /* EMNewsViewController.h */ = {isa = PBXFileReference; lastKnownFileType = sourcecode.c.h; path = EMNewsViewController.h; sourceTree = "<group>"; };
		65B79A1415E811EB006C72AB /* EMNewsViewController.m */ = {isa = PBXFileReference; lastKnownFileType = sourcecode.c.objc; path = EMNewsViewController.m; sourceTree = "<group>"; };
/* End PBXFileReference section */

/* Begin PBXFrameworksBuildPhase section */
		65B799BD15E81049006C72AB /* Frameworks */ = {
			isa = PBXFrameworksBuildPhase;
			buildActionMask = 2147483647;
			files = (
				65B799C515E81049006C72AB /* UIKit.framework in Frameworks */,
				65B799C715E81049006C72AB /* Foundation.framework in Frameworks */,
				65B799C915E81049006C72AB /* CoreGraphics.framework in Frameworks */,
			);
			runOnlyForDeploymentPostprocessing = 0;
		};
/* End PBXFrameworksBuildPhase section */

/* Begin PBXGroup section */
		65B799B515E81048006C72AB = {
			isa = PBXGroup;
			children = (
				65B799CA15E81049006C72AB /* EmeraldNews */,
				65B799C315E81049006C72AB /* Frameworks */,
				65B799C115E81049006C72AB /* Products */,
			);
			sourceTree = "<group>";
		};
		65B799C115E81049006C72AB /* Products */ = {
			isa = PBXGroup;
			children = (
				65B799C015E81049006C72AB /* EmeraldNews.app */,
			);
			name = Products;
			sourceTree = "<group>";
		};
		65B799C315E81049006C72AB /* Frameworks */ = {
			isa = PBXGroup;
			children = (
				65B799C415E81049006C72AB /* UIKit.framework */,
				65B799C615E81049006C72AB /* Foundation.framework */,
				65B799C815E81049006C72AB /* CoreGraphics.framework */,
			);
			name = Frameworks;
			sourceTree = "<group>";
		};
		65B799CA15E81049006C72AB /* EmeraldNews */ = {
			isa = PBXGroup;
			children = (
				65B79A0E15E811EB006C72AB /* EMAppDelegate.h */,
				65B79A0F15E811EB006C72AB /* EMAppDelegate.m */,
				65B79A1015E811EB006C72AB /* EmeraldNews-Prefix.pch */,
				65B79A1115E811EB006C72AB /* EMNewsDetailViewController.h */,
				65B79A1215E811EB006C72AB /* EMNewsDetailViewController.m */,
				65B79A1315E811EB006C72AB /* EMNewsViewController.h */,
				65B79A1415E811EB006C72AB /* EMNewsViewController.m */,
				65B799D615E81049006C72AB /* MainStoryboard.storyboard */,
				65B799CB15E81049006C72AB /* Supporting Files */,
			);
			path = EmeraldNews;
			sourceTree = "<group>";
		};
		65B799CB15E81049006C72AB /* Supporting Files */ = {
			isa = PBXGroup;
			children = (
				65B799CC15E81049006C72AB /* EmeraldNews-Info.plist */,
				65B799CD15E81049006C72AB /* InfoPlist.strings */,
				65B799D015E81049006C72AB /* main.m */,
				65B799D215E81049006C72AB /* EmeraldNews-Prefix.pch */,
			);
			name = "Supporting Files";
			sourceTree = "<group>";
		};
/* End PBXGroup section */

/* Begin PBXNativeTarget section */
		65B799BF15E81049006C72AB /* EmeraldNews */ = {
			isa = PBXNativeTarget;
			buildConfigurationList = 65B799DE15E81049006C72AB /* Build configuration list for PBXNativeTarget "EmeraldNews" */;
			buildPhases = (
				65B799BC15E81049006C72AB /* Sources */,
				65B799BD15E81049006C72AB /* Frameworks */,
				65B799BE15E81049006C72AB /* Resources */,
			);
			buildRules = (
			);
			dependencies = (
			);
			name = EmeraldNews;
			productName = EmeraldNews;
			productReference = 65B799C015E81049006C72AB /* EmeraldNews.app */;
			productType = "com.apple.product-type.application";
		};
/* End PBXNativeTarget section */

/* Begin PBXProject section */
		65B799B715E81048006C72AB /* Project object */ = {
			isa = PBXProject;
			attributes = {
				CLASSPREFIX = EM;
				LastUpgradeCheck = 0430;
			};
			buildConfigurationList = 65B799BA15E81048006C72AB /* Build configuration list for PBXProject "EmeraldNews" */;
			compatibilityVersion = "Xcode 3.2";
			developmentRegion = English;
			hasScannedForEncodings = 0;
			knownRegions = (
				en,
			);
			mainGroup = 65B799B515E81048006C72AB;
			productRefGroup = 65B799C115E81049006C72AB /* Products */;
			projectDirPath = "";
			projectRoot = "";
			targets = (
				65B799BF15E81049006C72AB /* EmeraldNews */,
			);
		};
/* End PBXProject section */

/* Begin PBXResourcesBuildPhase section */
		65B799BE15E81049006C72AB /* Resources */ = {
			isa = PBXResourcesBuildPhase;
			buildActionMask = 2147483647;
			files = (
				65B799CF15E81049006C72AB /* InfoPlist.strings in Resources */,
				65B799D815E81049006C72AB /* MainStoryboard.storyboard in Resources */,
			);
			runOnlyForDeploymentPostprocessing = 0;
		};
/* End PBXResourcesBuildPhase section */

/* Begin PBXSourcesBuildPhase section */
		65B799BC15E81049006C72AB /* Sources */ = {
			isa = PBXSourcesBuildPhase;
			buildActionMask = 2147483647;
			files = (
				65B79A4715E82310006C72AB /* EMNewsDetailViewController.m in Sources */,
				65B79A4815E82310006C72AB /* EMNewsViewController.m in Sources */,
				65B79A4215E821A4006C72AB /* EMAppDelegate.m in Sources */,
				65B799D115E81049006C72AB /* main.m in Sources */,
			);
			runOnlyForDeploymentPostprocessing = 0;
		};
/* End PBXSourcesBuildPhase section */

/* Begin PBXVariantGroup section */
		65B799CD15E81049006C72AB /* InfoPlist.strings */ = {
			isa = PBXVariantGroup;
			children = (
				65B799CE15E81049006C72AB /* en */,
			);
			name = InfoPlist.strings;
			sourceTree = "<group>";
		};
		65B799D615E81049006C72AB /* MainStoryboard.storyboard */ = {
			isa = PBXVariantGroup;
			children = (
				65B799D715E81049006C72AB /* en */,
			);
			name = MainStoryboard.storyboard;
			sourceTree = "<group>";
		};
/* End PBXVariantGroup section */

/* Begin XCBuildConfiguration section */
		65B799DC15E81049006C72AB /* Debug */ = {
			isa = XCBuildConfiguration;
			buildSettings = {
				ALWAYS_SEARCH_USER_PATHS = NO;
				ARCHS = "$(ARCHS_STANDARD_32_BIT)";
				CLANG_ENABLE_OBJC_ARC = YES;
				CODE_SIGN_IDENTITY = "iPhone Developer: Ivar Vong (5Z52UWU92D)";
				"CODE_SIGN_IDENTITY[sdk=iphoneos*]" = "iPhone Developer";
				COPY_PHASE_STRIP = NO;
				GCC_C_LANGUAGE_STANDARD = gnu99;
				GCC_DYNAMIC_NO_PIC = NO;
				GCC_OPTIMIZATION_LEVEL = 0;
				GCC_PREPROCESSOR_DEFINITIONS = (
					"DEBUG=1",
					"$(inherited)",
				);
				GCC_SYMBOLS_PRIVATE_EXTERN = NO;
				GCC_VERSION = com.apple.compilers.llvm.clang.1_0;
				GCC_WARN_ABOUT_RETURN_TYPE = YES;
				GCC_WARN_UNINITIALIZED_AUTOS = YES;
				GCC_WARN_UNUSED_VARIABLE = YES;
				IPHONEOS_DEPLOYMENT_TARGET = 5.1;
				PROVISIONING_PROFILE = "3075D641-7E9A-4BF1-BE7C-DA230ABF1732";
				SDKROOT = iphoneos;
			};
			name = Debug;
		};
		65B799DD15E81049006C72AB /* Release */ = {
			isa = XCBuildConfiguration;
			buildSettings = {
				ALWAYS_SEARCH_USER_PATHS = NO;
				ARCHS = "$(ARCHS_STANDARD_32_BIT)";
				CLANG_ENABLE_OBJC_ARC = YES;
				CODE_SIGN_IDENTITY = "iPhone Developer: Ivar Vong (5Z52UWU92D)";
				"CODE_SIGN_IDENTITY[sdk=iphoneos*]" = "iPhone Developer";
				COPY_PHASE_STRIP = YES;
				GCC_C_LANGUAGE_STANDARD = gnu99;
				GCC_VERSION = com.apple.compilers.llvm.clang.1_0;
				GCC_WARN_ABOUT_RETURN_TYPE = YES;
				GCC_WARN_UNINITIALIZED_AUTOS = YES;
				GCC_WARN_UNUSED_VARIABLE = YES;
				IPHONEOS_DEPLOYMENT_TARGET = 5.1;
				OTHER_CFLAGS = "-DNS_BLOCK_ASSERTIONS=1";
				PROVISIONING_PROFILE = "3075D641-7E9A-4BF1-BE7C-DA230ABF1732";
				SDKROOT = iphoneos;
				VALIDATE_PRODUCT = YES;
			};
			name = Release;
		};
		65B799DF15E81049006C72AB /* Debug */ = {
			isa = XCBuildConfiguration;
			buildSettings = {
				GCC_PRECOMPILE_PREFIX_HEADER = YES;
				GCC_PREFIX_HEADER = "EmeraldNews/EmeraldNews-Prefix.pch";
				INFOPLIST_FILE = "EmeraldNews/EmeraldNews-Info.plist";
				PRODUCT_NAME = "$(TARGET_NAME)";
				WRAPPER_EXTENSION = app;
			};
			name = Debug;
		};
		65B799E015E81049006C72AB /* Release */ = {
			isa = XCBuildConfiguration;
			buildSettings = {
				GCC_PRECOMPILE_PREFIX_HEADER = YES;
				GCC_PREFIX_HEADER = "EmeraldNews/EmeraldNews-Prefix.pch";
				INFOPLIST_FILE = "EmeraldNews/EmeraldNews-Info.plist";
				PRODUCT_NAME = "$(TARGET_NAME)";
				WRAPPER_EXTENSION = app;
			};
			name = Release;
		};
/* End XCBuildConfiguration section */

/* Begin XCConfigurationList section */
		65B799BA15E81048006C72AB /* Build configuration list for PBXProject "EmeraldNews" */ = {
			isa = XCConfigurationList;
			buildConfigurations = (
				65B799DC15E81049006C72AB /* Debug */,
				65B799DD15E81049006C72AB /* Release */,
			);
			defaultConfigurationIsVisible = 0;
			defaultConfigurationName = Release;
		};
		65B799DE15E81049006C72AB /* Build configuration list for PBXNativeTarget "EmeraldNews" */ = {
			isa = XCConfigurationList;
			buildConfigurations = (
				65B799DF15E81049006C72AB /* Debug */,
				65B799E015E81049006C72AB /* Release */,
			);
			defaultConfigurationIsVisible = 0;
			defaultConfigurationName = Release;
		};
/* End XCConfigurationList section */
	};
	rootObject = 65B799B715E81048006C72AB /* Project object */;
}
